<?xml version="1.0" encoding="UTF-8" standalone="yes" ?>
<CodeBlocks_project_file>
	<FileVersion major="1" minor="6" />
	<Project>
		<Option title="logistic" />
		<Option pch_mode="2" />
		<Option compiler="gfortran" />
		<Build>
			<Target title="Debug">
				<Option output="bin/Debug/logistic" prefix_auto="1" extension_auto="1" />
				<Option object_output="obj/Debug/" />
				<Option type="1" />
				<Option compiler="gfortran" />
				<Compiler>
					<Add option="-g" />
				</Compiler>
			</Target>
			<Target title="Release">
				<Option output="bin/Release/logistic" prefix_auto="1" extension_auto="1" />
				<Option object_output="obj/Release/" />
				<Option type="1" />
				<Option compiler="gfortran" />
				<Compiler>
					<Add option="-O2" />
				</Compiler>
				<Linker>
					<Add option="-s" />
				</Linker>
			</Target>
		</Build>
		<Compiler>
			<Add option="-Wall" />
		</Compiler>
		<Unit filename="../../work/Main1.f90" />
		<Unit filename="../../work/OAD_active.f90" />
		<Unit filename="../../work/OAD_cp.f90" />
		<Unit filename="../../work/OAD_rev.f90" />
		<Unit filename="../../work/OAD_tape.f90" />
		<Unit filename="../../work/line_search.f90" />
		<Unit filename="../../work/log_eq.pre.xb.x2w.w2f.post.f90" />
		<Unit filename="../../work/norma.F90" />
		<Unit filename="../../work/revStats.F90" />
		<Unit filename="../../work/revolve.f90" />
		<Unit filename="../../work/w2f__types.f90" />
		<Extensions>
			<code_completion />
			<debugger />
		</Extensions>
	</Project>
</CodeBlocks_project_file>
